// !$*UTF8*$!
{
	archiveVersion = 1;
	classes = {};
	objectVersion = 56;
	objects = {

/* Begin PBXBuildFile section */
		B00000000000000000000010 /* PartyDeckApp.swift in Sources */ = {isa = PBXBuildFile; fileRef = F00000000000000000000010 /* PartyDeckApp.swift */; };
		B00000000000000000000011 /* NativeActions.swift in Sources */ = {isa = PBXBuildFile; fileRef = F00000000000000000000011 /* NativeActions.swift */; };
		B00000000000000000000012 /* QRScannerViewController.swift in Sources */ = {isa = PBXBuildFile; fileRef = F00000000000000000000012 /* QRScannerViewController.swift */; };
		B00000000000000000000018 /* NativeFeedback.swift in Sources */ = {isa = PBXBuildFile; fileRef = F00000000000000000000018 /* NativeFeedback.swift */; };
		B00000000000000000000014 /* PrivacyInfo.xcprivacy in Resources */ = {isa = PBXBuildFile; fileRef = F00000000000000000000014 /* PrivacyInfo.xcprivacy */; };
		B00000000000000000000015 /* Assets.xcassets in Resources */ = {isa = PBXBuildFile; fileRef = F00000000000000000000015 /* Assets.xcassets */; };
		B00000000000000000000021 /* PartyDeckUITests.swift in Sources */ = {isa = PBXBuildFile; fileRef = F00000000000000000000021 /* PartyDeckUITests.swift */; };
		B00000000000000000000022 /* NativeTransportTests.swift in Sources */ = {isa = PBXBuildFile; fileRef = F00000000000000000000022 /* NativeTransportTests.swift */; };
		B00000000000000000000031 /* IosLanTransportFactory.swift in Sources */ = {isa = PBXBuildFile; fileRef = F00000000000000000000031 /* IosLanTransportFactory.swift */; };
		B00000000000000000000032 /* IosLanDriver.swift in Sources */ = {isa = PBXBuildFile; fileRef = F00000000000000000000032 /* IosLanDriver.swift */; };
		B00000000000000000000033 /* IosTlsIdentity.swift in Sources */ = {isa = PBXBuildFile; fileRef = F00000000000000000000033 /* IosTlsIdentity.swift */; };
		B00000000000000000000034 /* IosBonjourDiscovery.swift in Sources */ = {isa = PBXBuildFile; fileRef = F00000000000000000000034 /* IosBonjourDiscovery.swift */; };
		B00000000000000000000050 /* X509 in Frameworks */ = {isa = PBXBuildFile; productRef = F00000000000000000000051 /* X509 */; };
		B00000000000000000000060 /* GodotPresentationViewController.swift in Sources */ = {isa = PBXBuildFile; fileRef = F00000000000000000000060 /* GodotPresentationViewController.swift */; };
		B00000000000000000000061 /* GodotPresentationConfiguration.swift in Sources */ = {isa = PBXBuildFile; fileRef = F00000000000000000000061 /* GodotPresentationConfiguration.swift */; };
		B00000000000000000000062 /* GodotPresentationPort.swift in Sources */ = {isa = PBXBuildFile; fileRef = F00000000000000000000062 /* GodotPresentationPort.swift */; };
		B00000000000000000000064 /* Godot engine in Frameworks */ = {isa = PBXBuildFile; fileRef = F00000000000000000000064 /* libpartydeck_godot_ios_probe.a */; };
		B00000000000000000000065 /* Godot camera in Frameworks */ = {isa = PBXBuildFile; fileRef = F00000000000000000000065 /* libpartydeck_godot_camera.a */; };
		B00000000000000000000066 /* ProbeResources in Resources */ = {isa = PBXBuildFile; fileRef = F00000000000000000000066 /* ProbeResources */; };
		B00000000000000000000023 /* PartyDeckGodotSessionUITests.swift in Sources */ = {isa = PBXBuildFile; fileRef = F00000000000000000000023 /* PartyDeckGodotSessionUITests.swift */; };
		B00000000000000000000067 /* GodotSessionQualificationObservation.swift in Sources */ = {isa = PBXBuildFile; fileRef = F00000000000000000000067 /* GodotSessionQualificationObservation.swift */; };
/* End PBXBuildFile section */

/* Begin PBXContainerItemProxy section */
		A0000000000000000000000B /* PBXContainerItemProxy */ = {
			isa = PBXContainerItemProxy;
			containerPortal = A00000000000000000000003 /* Project object */;
			proxyType = 1;
			remoteGlobalIDString = A00000000000000000000001;
			remoteInfo = PartyDeck;
		};
		A0000000000000000000000E /* PBXContainerItemProxy */ = {
			isa = PBXContainerItemProxy;
			containerPortal = A00000000000000000000003 /* Project object */;
			proxyType = 1;
			remoteGlobalIDString = A00000000000000000000001;
			remoteInfo = PartyDeck;
		};
/* End PBXContainerItemProxy section */

/* Begin PBXFileReference section */
		F00000000000000000000010 /* PartyDeckApp.swift */ = {isa = PBXFileReference; lastKnownFileType = sourcecode.swift; path = PartyDeckApp.swift; sourceTree = "<group>"; };
		F00000000000000000000011 /* NativeActions.swift */ = {isa = PBXFileReference; lastKnownFileType = sourcecode.swift; path = NativeActions.swift; sourceTree = "<group>"; };
		F00000000000000000000012 /* QRScannerViewController.swift */ = {isa = PBXFileReference; lastKnownFileType = sourcecode.swift; path = QRScannerViewController.swift; sourceTree = "<group>"; };
		F00000000000000000000013 /* Info.plist */ = {isa = PBXFileReference; lastKnownFileType = text.plist.xml; path = Info.plist; sourceTree = "<group>"; };
		F00000000000000000000014 /* PrivacyInfo.xcprivacy */ = {isa = PBXFileReference; lastKnownFileType = text.xml; path = PrivacyInfo.xcprivacy; sourceTree = "<group>"; };
		F00000000000000000000015 /* Assets.xcassets */ = {isa = PBXFileReference; lastKnownFileType = folder.assetcatalog; path = Assets.xcassets; sourceTree = "<group>"; };
		F00000000000000000000016 /* App.xcconfig */ = {isa = PBXFileReference; lastKnownFileType = text.xcconfig; path = App.xcconfig; sourceTree = "<group>"; };
		F00000000000000000000017 /* Signing.xcconfig.example */ = {isa = PBXFileReference; lastKnownFileType = text; path = Signing.xcconfig.example; sourceTree = "<group>"; };
		F00000000000000000000018 /* NativeFeedback.swift */ = {isa = PBXFileReference; lastKnownFileType = sourcecode.swift; path = NativeFeedback.swift; sourceTree = "<group>"; };
		F00000000000000000000021 /* PartyDeckUITests.swift */ = {isa = PBXFileReference; lastKnownFileType = sourcecode.swift; path = PartyDeckUITests.swift; sourceTree = "<group>"; };
		F00000000000000000000022 /* NativeTransportTests.swift */ = {isa = PBXFileReference; lastKnownFileType = sourcecode.swift; path = NativeTransportTests.swift; sourceTree = "<group>"; };
		F00000000000000000000031 /* IosLanTransportFactory.swift */ = {isa = PBXFileReference; lastKnownFileType = sourcecode.swift; path = IosLanTransportFactory.swift; sourceTree = "<group>"; };
		F00000000000000000000032 /* IosLanDriver.swift */ = {isa = PBXFileReference; lastKnownFileType = sourcecode.swift; path = IosLanDriver.swift; sourceTree = "<group>"; };
		F00000000000000000000033 /* IosTlsIdentity.swift */ = {isa = PBXFileReference; lastKnownFileType = sourcecode.swift; path = IosTlsIdentity.swift; sourceTree = "<group>"; };
		F00000000000000000000034 /* IosBonjourDiscovery.swift */ = {isa = PBXFileReference; lastKnownFileType = sourcecode.swift; path = IosBonjourDiscovery.swift; sourceTree = "<group>"; };
		F00000000000000000000041 /* PartyDeck.app */ = {isa = PBXFileReference; explicitFileType = wrapper.application; includeInIndex = 0; path = PartyDeck.app; sourceTree = BUILT_PRODUCTS_DIR; };
		F00000000000000000000042 /* PartyDeckUITests.xctest */ = {isa = PBXFileReference; explicitFileType = wrapper.cfbundle; includeInIndex = 0; path = PartyDeckUITests.xctest; sourceTree = BUILT_PRODUCTS_DIR; };
		F00000000000000000000043 /* PartyDeckTests.xctest */ = {isa = PBXFileReference; explicitFileType = wrapper.cfbundle; includeInIndex = 0; path = PartyDeckTests.xctest; sourceTree = BUILT_PRODUCTS_DIR; };
		F00000000000000000000060 /* GodotPresentationViewController.swift */ = {isa = PBXFileReference; lastKnownFileType = sourcecode.swift; path = GodotPresentationViewController.swift; sourceTree = "<group>"; };
		F00000000000000000000061 /* GodotPresentationConfiguration.swift */ = {isa = PBXFileReference; lastKnownFileType = sourcecode.swift; path = GodotPresentationConfiguration.swift; sourceTree = "<group>"; };
		F00000000000000000000062 /* GodotPresentationPort.swift */ = {isa = PBXFileReference; lastKnownFileType = sourcecode.swift; path = GodotPresentationPort.swift; sourceTree = "<group>"; };
		F00000000000000000000063 /* PartyDeckGodot-Bridging-Header.h */ = {isa = PBXFileReference; lastKnownFileType = sourcecode.c.h; path = "PartyDeckGodot-Bridging-Header.h"; sourceTree = "<group>"; };
		F00000000000000000000064 /* libpartydeck_godot_ios_probe.a */ = {isa = PBXFileReference; lastKnownFileType = archive.ar; name = libpartydeck_godot_ios_probe.a; path = PartyDeckGodotInputs/artifacts/libpartydeck_godot_ios_probe.a; sourceTree = BUILT_PRODUCTS_DIR; };
		F00000000000000000000065 /* libpartydeck_godot_camera.a */ = {isa = PBXFileReference; lastKnownFileType = archive.ar; name = libpartydeck_godot_camera.a; path = PartyDeckGodotInputs/artifacts/libpartydeck_godot_camera.a; sourceTree = BUILT_PRODUCTS_DIR; };
		F00000000000000000000066 /* ProbeResources */ = {isa = PBXFileReference; lastKnownFileType = folder; name = ProbeResources; path = PartyDeckGodotInputs/ProbeResources; sourceTree = BUILT_PRODUCTS_DIR; };
		F00000000000000000000023 /* PartyDeckGodotSessionUITests.swift */ = {isa = PBXFileReference; lastKnownFileType = sourcecode.swift; path = PartyDeckGodotSessionUITests.swift; sourceTree = "<group>"; };
		F00000000000000000000067 /* GodotSessionQualificationObservation.swift */ = {isa = PBXFileReference; lastKnownFileType = sourcecode.swift; path = GodotSessionQualificationObservation.swift; sourceTree = "<group>"; };
/* End PBXFileReference section */

/* Begin PBXFrameworksBuildPhase section */
		C00000000000000000000002 /* Frameworks */ = {
			isa = PBXFrameworksBuildPhase;
			buildActionMask = 2147483647;
			files = (B00000000000000000000050 /* X509 in Frameworks */, B00000000000000000000064 /* Godot engine in Frameworks */, B00000000000000000000065 /* Godot camera in Frameworks */,);
			runOnlyForDeploymentPostprocessing = 0;
		};
		C00000000000000000000006 /* Test Frameworks */ = {
			isa = PBXFrameworksBuildPhase;
			buildActionMask = 2147483647;
			files = ();
			runOnlyForDeploymentPostprocessing = 0;
		};
		C00000000000000000000009 /* Native Test Frameworks */ = {
			isa = PBXFrameworksBuildPhase;
			buildActionMask = 2147483647;
			files = ();
			runOnlyForDeploymentPostprocessing = 0;
		};
/* End PBXFrameworksBuildPhase section */

/* Begin PBXGroup section */
		A00000000000000000000004 = {
			isa = PBXGroup;
			children = (A00000000000000000000007 /* Configuration */, A00000000000000000000006 /* PartyDeck */, A00000000000000000000010 /* PartyDeckTests */, A00000000000000000000009 /* PartyDeckUITests */, A00000000000000000000005 /* Products */,);
			sourceTree = "<group>";
		};
		A00000000000000000000005 /* Products */ = {
			isa = PBXGroup;
			children = (F00000000000000000000041 /* PartyDeck.app */, F00000000000000000000043 /* PartyDeckTests.xctest */, F00000000000000000000042 /* PartyDeckUITests.xctest */,);
			name = Products;
			sourceTree = "<group>";
		};
		A00000000000000000000006 /* PartyDeck */ = {
			isa = PBXGroup;
			children = (F00000000000000000000010 /* PartyDeckApp.swift */, F00000000000000000000011 /* NativeActions.swift */, F00000000000000000000018 /* NativeFeedback.swift */, F00000000000000000000012 /* QRScannerViewController.swift */, A00000000000000000000008 /* Networking */, A00000000000000000000060 /* Godot */, F00000000000000000000015 /* Assets.xcassets */, F00000000000000000000013 /* Info.plist */, F00000000000000000000014 /* PrivacyInfo.xcprivacy */,);
			path = PartyDeck;
			sourceTree = "<group>";
		};
		A00000000000000000000007 /* Configuration */ = {
			isa = PBXGroup;
			children = (F00000000000000000000016 /* App.xcconfig */, F00000000000000000000017 /* Signing.xcconfig.example */,);
			path = Configuration;
			sourceTree = "<group>";
		};
		A00000000000000000000008 /* Networking */ = {
			isa = PBXGroup;
			children = (F00000000000000000000031 /* IosLanTransportFactory.swift */, F00000000000000000000032 /* IosLanDriver.swift */, F00000000000000000000033 /* IosTlsIdentity.swift */, F00000000000000000000034 /* IosBonjourDiscovery.swift */,);
			path = Networking;
			sourceTree = "<group>";
		};
		A00000000000000000000009 /* PartyDeckUITests */ = {
			isa = PBXGroup;
			children = (F00000000000000000000021 /* PartyDeckUITests.swift */, F00000000000000000000023 /* PartyDeckGodotSessionUITests.swift */,);
			path = PartyDeckUITests;
			sourceTree = "<group>";
		};
		A00000000000000000000010 /* PartyDeckTests */ = {
			isa = PBXGroup;
			children = (F00000000000000000000022 /* NativeTransportTests.swift */,);
			path = PartyDeckTests;
			sourceTree = "<group>";
		};
		A00000000000000000000060 /* Godot */ = {
			isa = PBXGroup;
			children = (F00000000000000000000067 /* GodotSessionQualificationObservation.swift */, F00000000000000000000060 /* GodotPresentationViewController.swift */, F00000000000000000000061 /* GodotPresentationConfiguration.swift */, F00000000000000000000062 /* GodotPresentationPort.swift */, F00000000000000000000063 /* PartyDeckGodot-Bridging-Header.h */, F00000000000000000000064 /* libpartydeck_godot_ios_probe.a */, F00000000000000000000065 /* libpartydeck_godot_camera.a */, F00000000000000000000066 /* ProbeResources */,);
			path = Godot;
			sourceTree = "<group>";
		};
/* End PBXGroup section */

/* Begin PBXNativeTarget section */
		A00000000000000000000001 /* PartyDeck */ = {
			isa = PBXNativeTarget;
			buildConfigurationList = E00000000000000000000002;
			buildPhases = (C00000000000000000000060 /* Prepare Godot inputs */, C00000000000000000000004 /* Compile Kotlin */, C00000000000000000000001 /* Sources */, C00000000000000000000002 /* Frameworks */, C00000000000000000000003 /* Resources */,);
			buildRules = ();
			dependencies = ();
			name = PartyDeck;
			packageProductDependencies = (F00000000000000000000051 /* X509 */,);
			productName = PartyDeck;
			productReference = F00000000000000000000041 /* PartyDeck.app */;
			productType = "com.apple.product-type.application";
		};
		A00000000000000000000002 /* PartyDeckUITests */ = {
			isa = PBXNativeTarget;
			buildConfigurationList = E00000000000000000000003;
			buildPhases = (C00000000000000000000005 /* Test Sources */, C00000000000000000000006 /* Test Frameworks */, C00000000000000000000007 /* Test Resources */,);
			buildRules = ();
			dependencies = (A0000000000000000000000C /* PBXTargetDependency */,);
			name = PartyDeckUITests;
			productName = PartyDeckUITests;
			productReference = F00000000000000000000042 /* PartyDeckUITests.xctest */;
			productType = "com.apple.product-type.bundle.ui-testing";
		};
		A0000000000000000000000D /* PartyDeckTests */ = {
			isa = PBXNativeTarget;
			buildConfigurationList = E00000000000000000000004;
			buildPhases = (C00000000000000000000008 /* Native Test Sources */, C00000000000000000000009 /* Native Test Frameworks */, C0000000000000000000000A /* Native Test Resources */,);
			buildRules = ();
			dependencies = (A0000000000000000000000F /* PBXTargetDependency */,);
			name = PartyDeckTests;
			productName = PartyDeckTests;
			productReference = F00000000000000000000043 /* PartyDeckTests.xctest */;
			productType = "com.apple.product-type.bundle.unit-test";
		};
/* End PBXNativeTarget section */

/* Begin PBXProject section */
		A00000000000000000000003 /* Project object */ = {
			isa = PBXProject;
			attributes = {
				BuildIndependentTargetsInParallel = YES;
				LastSwiftUpdateCheck = 2640;
				LastUpgradeCheck = 2640;
				TargetAttributes = {
					A00000000000000000000001 = {CreatedOnToolsVersion = 26.4; };
					A00000000000000000000002 = {CreatedOnToolsVersion = 26.4; TestTargetID = A00000000000000000000001; };
					A0000000000000000000000D = {CreatedOnToolsVersion = 26.4; TestTargetID = A00000000000000000000001; };
				};
			};
			buildConfigurationList = E00000000000000000000001;
			compatibilityVersion = "Xcode 14.0";
			developmentRegion = en;
			hasScannedForEncodings = 0;
			knownRegions = (en, Base,);
			mainGroup = A00000000000000000000004;
			packageReferences = (F00000000000000000000050 /* swift-certificates */,);
			productRefGroup = A00000000000000000000005 /* Products */;
			projectDirPath = "";
			projectRoot = "";
			targets = (A00000000000000000000001 /* PartyDeck */, A0000000000000000000000D /* PartyDeckTests */, A00000000000000000000002 /* PartyDeckUITests */,);
		};
/* End PBXProject section */

/* Begin PBXResourcesBuildPhase section */
		C00000000000000000000003 /* Resources */ = {
			isa = PBXResourcesBuildPhase;
			buildActionMask = 2147483647;
			files = (B00000000000000000000014 /* PrivacyInfo.xcprivacy in Resources */, B00000000000000000000015 /* Assets.xcassets in Resources */, B00000000000000000000066 /* ProbeResources in Resources */,);
			runOnlyForDeploymentPostprocessing = 0;
		};
		C00000000000000000000007 /* Test Resources */ = {
			isa = PBXResourcesBuildPhase;
			buildActionMask = 2147483647;
			files = ();
			runOnlyForDeploymentPostprocessing = 0;
		};
		C0000000000000000000000A /* Native Test Resources */ = {
			isa = PBXResourcesBuildPhase;
			buildActionMask = 2147483647;
			files = ();
			runOnlyForDeploymentPostprocessing = 0;
		};
/* End PBXResourcesBuildPhase section */

/* Begin PBXShellScriptBuildPhase section */
		C00000000000000000000004 /* Compile Kotlin */ = {
			isa = PBXShellScriptBuildPhase;
			alwaysOutOfDate = 1;
			buildActionMask = 2147483647;
			files = ();
			inputFileListPaths = ();
			inputPaths = ();
			name = "Compile Kotlin";
			outputFileListPaths = ();
			outputPaths = ("$(SRCROOT)/../composeApp/build/xcode-frameworks/$(CONFIGURATION)/$(SDK_NAME)/PartyDeckKit.framework/PartyDeckKit",);
			runOnlyForDeploymentPostprocessing = 0;
			shellPath = /bin/sh;
			shellScript = "set -eu\nif [ \"${OVERRIDE_KOTLIN_BUILD_IDE_SUPPORTED:-NO}\" = \"YES\" ]; then\n  exit 0\nfi\ncd \"$SRCROOT/..\"\n./gradlew :composeApp:embedAndSignAppleFrameworkForXcode\n";
		};
		C00000000000000000000060 /* Prepare Godot inputs */ = {
			isa = PBXShellScriptBuildPhase;
			alwaysOutOfDate = 1;
			buildActionMask = 2147483647;
			files = ();
			inputFileListPaths = ();
			inputPaths = ();
			name = "Prepare Godot inputs";
			outputFileListPaths = ();
			outputPaths = ("$(BUILT_PRODUCTS_DIR)/PartyDeckGodotInputs/artifacts/libpartydeck_godot_ios_probe.a", "$(BUILT_PRODUCTS_DIR)/PartyDeckGodotInputs/artifacts/libpartydeck_godot_camera.a", "$(BUILT_PRODUCTS_DIR)/PartyDeckGodotInputs/ProbeResources", "$(BUILT_PRODUCTS_DIR)/PartyDeckGodotInputs/inputs.json",);
			runOnlyForDeploymentPostprocessing = 0;
			shellPath = /bin/sh;
			shellScript = "set -eu\ncase \"$INFOPLIST_FILE\" in\n  /*) partydeck_app_info_plist=\"$INFOPLIST_FILE\" ;;\n  *) partydeck_app_info_plist=\"$SRCROOT/$INFOPLIST_FILE\" ;;\nesac\nset -- --app-info-plist \"$partydeck_app_info_plist\"\nif [ -n \"${PARTYDECK_GODOT_ACTIVATION_EXPECTATION:-}\" ]; then\n  case \"$PARTYDECK_GODOT_ACTIVATION_EXPECTATION\" in\n    /*) partydeck_activation_expectation=\"$PARTYDECK_GODOT_ACTIVATION_EXPECTATION\" ;;\n    *) partydeck_activation_expectation=\"$SRCROOT/$PARTYDECK_GODOT_ACTIVATION_EXPECTATION\" ;;\n  esac\n  set -- \"$@\" --activation-expectation \"$partydeck_activation_expectation\"\nfi\ncd \"$SRCROOT/..\"\npython3 scripts/prepare-ios-godot.py stage \\\n  --configuration \"$CONFIGURATION\" --platform \"$PLATFORM_NAME\" \\\n  --engine-root \"$PARTYDECK_GODOT_ENGINE_ROOT\" --pack \"$PARTYDECK_GODOT_PACK\" \\\n  \"$@\" --output \"$BUILT_PRODUCTS_DIR/PartyDeckGodotInputs\"\n";
		};
/* End PBXShellScriptBuildPhase section */

/* Begin PBXSourcesBuildPhase section */
		C00000000000000000000001 /* Sources */ = {
			isa = PBXSourcesBuildPhase;
			buildActionMask = 2147483647;
			files = (B00000000000000000000010 /* PartyDeckApp.swift in Sources */, B00000000000000000000011 /* NativeActions.swift in Sources */, B00000000000000000000018 /* NativeFeedback.swift in Sources */, B00000000000000000000012 /* QRScannerViewController.swift in Sources */, B00000000000000000000031 /* IosLanTransportFactory.swift in Sources */, B00000000000000000000032 /* IosLanDriver.swift in Sources */, B00000000000000000000033 /* IosTlsIdentity.swift in Sources */, B00000000000000000000034 /* IosBonjourDiscovery.swift in Sources */, B00000000000000000000060 /* GodotPresentationViewController.swift in Sources */, B00000000000000000000061 /* GodotPresentationConfiguration.swift in Sources */, B00000000000000000000062 /* GodotPresentationPort.swift in Sources */, B00000000000000000000067 /* GodotSessionQualificationObservation.swift in Sources */, );
			runOnlyForDeploymentPostprocessing = 0;
		};
		C00000000000000000000005 /* Test Sources */ = {
			isa = PBXSourcesBuildPhase;
			buildActionMask = 2147483647;
			files = (B00000000000000000000021 /* PartyDeckUITests.swift in Sources */, B00000000000000000000023 /* PartyDeckGodotSessionUITests.swift in Sources */,);
			runOnlyForDeploymentPostprocessing = 0;
		};
		C00000000000000000000008 /* Native Test Sources */ = {
			isa = PBXSourcesBuildPhase;
			buildActionMask = 2147483647;
			files = (B00000000000000000000022 /* NativeTransportTests.swift in Sources */,);
			runOnlyForDeploymentPostprocessing = 0;
		};
/* End PBXSourcesBuildPhase section */

/* Begin PBXTargetDependency section */
		A0000000000000000000000C /* PBXTargetDependency */ = {
			isa = PBXTargetDependency;
			target = A00000000000000000000001 /* PartyDeck */;
			targetProxy = A0000000000000000000000B /* PBXContainerItemProxy */;
		};
		A0000000000000000000000F /* PBXTargetDependency */ = {
			isa = PBXTargetDependency;
			target = A00000000000000000000001 /* PartyDeck */;
			targetProxy = A0000000000000000000000E /* PBXContainerItemProxy */;
		};
/* End PBXTargetDependency section */

/* Begin XCBuildConfiguration section */
		D00000000000000000000001 /* Debug */ = {
			isa = XCBuildConfiguration;
			baseConfigurationReference = F00000000000000000000016 /* App.xcconfig */;
			buildSettings = {
				ALWAYS_SEARCH_USER_PATHS = NO;
				ARCHS = arm64;
				CLANG_ENABLE_MODULES = YES;
				CLANG_ENABLE_OBJC_ARC = YES;
				CLANG_WARN_UNGUARDED_AVAILABILITY = YES_AGGRESSIVE;
				DEBUG_INFORMATION_FORMAT = dwarf;
				ENABLE_TESTABILITY = YES;
				GCC_OPTIMIZATION_LEVEL = 0;
				ONLY_ACTIVE_ARCH = YES;
				SDKROOT = iphoneos;
				SWIFT_ACTIVE_COMPILATION_CONDITIONS = "DEBUG $(inherited)";
				SWIFT_OPTIMIZATION_LEVEL = "-Onone";
			};
			name = Debug;
		};
		D00000000000000000000002 /* Release */ = {
			isa = XCBuildConfiguration;
			baseConfigurationReference = F00000000000000000000016 /* App.xcconfig */;
			buildSettings = {
				ALWAYS_SEARCH_USER_PATHS = NO;
				ARCHS = arm64;
				CLANG_ENABLE_MODULES = YES;
				CLANG_ENABLE_OBJC_ARC = YES;
				CLANG_WARN_UNGUARDED_AVAILABILITY = YES_AGGRESSIVE;
				DEBUG_INFORMATION_FORMAT = "dwarf-with-dsym";
				ENABLE_NS_ASSERTIONS = NO;
				SDKROOT = iphoneos;
				SWIFT_COMPILATION_MODE = wholemodule;
				SWIFT_OPTIMIZATION_LEVEL = "-O";
				VALIDATE_PRODUCT = YES;
			};
			name = Release;
		};
		D00000000000000000000003 /* Debug */ = {
			isa = XCBuildConfiguration;
			buildSettings = {
				PARTYDECK_SESSION_QUALIFICATION_CONDITION = "";
				SWIFT_ACTIVE_COMPILATION_CONDITIONS = "$(inherited) $(PARTYDECK_SESSION_QUALIFICATION_CONDITION)";
				ASSETCATALOG_COMPILER_APPICON_NAME = AppIcon;
				CLANG_CXX_LIBRARY = "libc++";
				ENABLE_DEBUG_DYLIB = NO;
				HEADER_SEARCH_PATHS = ("$(inherited)", "$(SRCROOT)/../godot/ios-host/modules/partydeck_ios_probe",);
				LIBRARY_SEARCH_PATHS = ("$(inherited)", "$(BUILT_PRODUCTS_DIR)/PartyDeckGodotInputs/artifacts",);
				LD_GENERATE_MAP_FILE = YES;
				LD_MAP_FILE_PATH = "$(PARTYDECK_GODOT_LINK_MAP)";
				SWIFT_OBJC_BRIDGING_HEADER = "$(SRCROOT)/PartyDeck/Godot/PartyDeckGodot-Bridging-Header.h";
				FRAMEWORK_SEARCH_PATHS = ("$(inherited)", "$(SRCROOT)/../composeApp/build/xcode-frameworks/$(CONFIGURATION)/$(SDK_NAME)", "$(BUILT_PRODUCTS_DIR)",);
				GENERATE_INFOPLIST_FILE = NO;
				INFOPLIST_FILE = "$(PARTYDECK_APP_INFO_PLIST)";
				LD_RUNPATH_SEARCH_PATHS = ("$(inherited)", "@executable_path/Frameworks",);
				/* Global -ObjC also loads Godot's Swift @main; scope registration loading to Kotlin. */
				OTHER_LDFLAGS = ("$(inherited)", "-framework", PartyDeckKit, "-Xlinker", "-force_load", "-Xlinker", "$(SRCROOT)/../composeApp/build/xcode-frameworks/$(CONFIGURATION)/$(SDK_NAME)/PartyDeckKit.framework/PartyDeckKit", "-lc++", "-lz", "-liconv", "-framework", Security,);
				PRODUCT_NAME = "$(TARGET_NAME)";
				SUPPORTED_PLATFORMS = "iphoneos iphonesimulator";
				SUPPORTS_MACCATALYST = NO;
				SUPPORTS_MAC_DESIGNED_FOR_IPHONE_IPAD = NO;
				TARGETED_DEVICE_FAMILY = "1,2";
			};
			name = Debug;
		};
		D00000000000000000000004 /* Release */ = {
			isa = XCBuildConfiguration;
			buildSettings = {
				ASSETCATALOG_COMPILER_APPICON_NAME = AppIcon;
				CLANG_CXX_LIBRARY = "libc++";
				ENABLE_DEBUG_DYLIB = NO;
				HEADER_SEARCH_PATHS = ("$(inherited)", "$(SRCROOT)/../godot/ios-host/modules/partydeck_ios_probe",);
				LIBRARY_SEARCH_PATHS = ("$(inherited)", "$(BUILT_PRODUCTS_DIR)/PartyDeckGodotInputs/artifacts",);
				LD_GENERATE_MAP_FILE = YES;
				LD_MAP_FILE_PATH = "$(PARTYDECK_GODOT_LINK_MAP)";
				SWIFT_OBJC_BRIDGING_HEADER = "$(SRCROOT)/PartyDeck/Godot/PartyDeckGodot-Bridging-Header.h";
				FRAMEWORK_SEARCH_PATHS = ("$(inherited)", "$(SRCROOT)/../composeApp/build/xcode-frameworks/$(CONFIGURATION)/$(SDK_NAME)", "$(BUILT_PRODUCTS_DIR)",);
				GENERATE_INFOPLIST_FILE = NO;
				INFOPLIST_FILE = "$(PARTYDECK_APP_INFO_PLIST)";
				LD_RUNPATH_SEARCH_PATHS = ("$(inherited)", "@executable_path/Frameworks",);
				/* Global -ObjC also loads Godot's Swift @main; scope registration loading to Kotlin. */
				OTHER_LDFLAGS = ("$(inherited)", "-framework", PartyDeckKit, "-Xlinker", "-force_load", "-Xlinker", "$(SRCROOT)/../composeApp/build/xcode-frameworks/$(CONFIGURATION)/$(SDK_NAME)/PartyDeckKit.framework/PartyDeckKit", "-lc++", "-lz", "-liconv", "-framework", Security,);
				PRODUCT_NAME = "$(TARGET_NAME)";
				SUPPORTED_PLATFORMS = "iphoneos iphonesimulator";
				SUPPORTS_MACCATALYST = NO;
				SUPPORTS_MAC_DESIGNED_FOR_IPHONE_IPAD = NO;
				TARGETED_DEVICE_FAMILY = "1,2";
			};
			name = Release;
		};
		D00000000000000000000005 /* Debug */ = {
			isa = XCBuildConfiguration;
			buildSettings = {
				PARTYDECK_SESSION_QUALIFICATION_CONDITION = "";
				SWIFT_ACTIVE_COMPILATION_CONDITIONS = "$(inherited) $(PARTYDECK_SESSION_QUALIFICATION_CONDITION)";
				GENERATE_INFOPLIST_FILE = YES;
				LD_RUNPATH_SEARCH_PATHS = ("$(inherited)", "@executable_path/Frameworks", "@loader_path/Frameworks",);
				PRODUCT_BUNDLE_IDENTIFIER = dev.partydeck.app.UITests;
				PRODUCT_NAME = "$(TARGET_NAME)";
				TARGETED_DEVICE_FAMILY = "1,2";
				TEST_TARGET_NAME = PartyDeck;
			};
			name = Debug;
		};
		D00000000000000000000006 /* Release */ = {
			isa = XCBuildConfiguration;
			buildSettings = {
				GENERATE_INFOPLIST_FILE = YES;
				LD_RUNPATH_SEARCH_PATHS = ("$(inherited)", "@executable_path/Frameworks", "@loader_path/Frameworks",);
				PRODUCT_BUNDLE_IDENTIFIER = dev.partydeck.app.UITests;
				PRODUCT_NAME = "$(TARGET_NAME)";
				TARGETED_DEVICE_FAMILY = "1,2";
				TEST_TARGET_NAME = PartyDeck;
			};
			name = Release;
		};
		D00000000000000000000007 /* Debug */ = {
			isa = XCBuildConfiguration;
			buildSettings = {
				BUNDLE_LOADER = "$(TEST_HOST)";
				FRAMEWORK_SEARCH_PATHS = ("$(inherited)", "$(SRCROOT)/../composeApp/build/xcode-frameworks/$(CONFIGURATION)/$(SDK_NAME)", "$(BUILT_PRODUCTS_DIR)",);
				GENERATE_INFOPLIST_FILE = YES;
				LD_RUNPATH_SEARCH_PATHS = ("$(inherited)", "@executable_path/Frameworks", "@loader_path/Frameworks",);
				PRODUCT_BUNDLE_IDENTIFIER = dev.partydeck.app.Tests;
				PRODUCT_NAME = "$(TARGET_NAME)";
				TARGETED_DEVICE_FAMILY = "1,2";
				TEST_HOST = "$(BUILT_PRODUCTS_DIR)/PartyDeck.app/PartyDeck";
			};
			name = Debug;
		};
		D00000000000000000000008 /* Release */ = {
			isa = XCBuildConfiguration;
			buildSettings = {
				BUNDLE_LOADER = "$(TEST_HOST)";
				FRAMEWORK_SEARCH_PATHS = ("$(inherited)", "$(SRCROOT)/../composeApp/build/xcode-frameworks/$(CONFIGURATION)/$(SDK_NAME)", "$(BUILT_PRODUCTS_DIR)",);
				GENERATE_INFOPLIST_FILE = YES;
				LD_RUNPATH_SEARCH_PATHS = ("$(inherited)", "@executable_path/Frameworks", "@loader_path/Frameworks",);
				PRODUCT_BUNDLE_IDENTIFIER = dev.partydeck.app.Tests;
				PRODUCT_NAME = "$(TARGET_NAME)";
				TARGETED_DEVICE_FAMILY = "1,2";
				TEST_HOST = "$(BUILT_PRODUCTS_DIR)/PartyDeck.app/PartyDeck";
			};
			name = Release;
		};
/* End XCBuildConfiguration section */

/* Begin XCConfigurationList section */
		E00000000000000000000001 = {isa = XCConfigurationList; buildConfigurations = (D00000000000000000000001 /* Debug */, D00000000000000000000002 /* Release */,); defaultConfigurationIsVisible = 0; defaultConfigurationName = Release; };
		E00000000000000000000002 = {isa = XCConfigurationList; buildConfigurations = (D00000000000000000000003 /* Debug */, D00000000000000000000004 /* Release */,); defaultConfigurationIsVisible = 0; defaultConfigurationName = Release; };
		E00000000000000000000003 = {isa = XCConfigurationList; buildConfigurations = (D00000000000000000000005 /* Debug */, D00000000000000000000006 /* Release */,); defaultConfigurationIsVisible = 0; defaultConfigurationName = Release; };
		E00000000000000000000004 = {isa = XCConfigurationList; buildConfigurations = (D00000000000000000000007 /* Debug */, D00000000000000000000008 /* Release */,); defaultConfigurationIsVisible = 0; defaultConfigurationName = Release; };
/* End XCConfigurationList section */

/* Begin XCRemoteSwiftPackageReference section */
		F00000000000000000000050 /* swift-certificates */ = {
			isa = XCRemoteSwiftPackageReference;
			repositoryURL = "https://github.com/apple/swift-certificates.git";
			requirement = {kind = exactVersion; version = 1.20.0; };
		};
/* End XCRemoteSwiftPackageReference section */

/* Begin XCSwiftPackageProductDependency section */
		F00000000000000000000051 /* X509 */ = {
			isa = XCSwiftPackageProductDependency;
			package = F00000000000000000000050 /* swift-certificates */;
			productName = X509;
		};
/* End XCSwiftPackageProductDependency section */
	};
	rootObject = A00000000000000000000003 /* Project object */;
}
